
Microsoft Visual Studio Solution File, Format Version 12.00
# Visual Studio Version 17
VisualStudioVersion = 17.11.35303.130
MinimumVisualStudioVersion = 10.0.40219.1
Project("{FAE04EC0-301F-11D3-BF4B-00C04F79EFBC}") = "OOP", "OOP\OOP.csproj", "{36B38EDA-5921-4CBE-84EB-FFEE10A85CA9}"
EndProject
Global
	GlobalSection(SolutionConfigurationPlatforms) = preSolution
		Debug|Any CPU = Debug|Any CPU
		Release|Any CPU = Release|Any CPU
	EndGlobalSection
	GlobalSection(ProjectConfigurationPlatforms) = postSolution
		{36B38EDA-5921-4CBE-84EB-FFEE10A85CA9}.Debug|Any CPU.ActiveCfg = Debug|Any CPU
		{36B38EDA-5921-4CBE-84EB-FFEE10A85CA9}.Debug|Any CPU.Build.0 = Debug|Any CPU
		{36B38EDA-5921-4CBE-84EB-FFEE10A85CA9}.Release|Any CPU.ActiveCfg = Release|Any CPU
		{36B38EDA-5921-4CBE-84EB-FFEE10A85CA9}.Release|Any CPU.Build.0 = Release|Any CPU
	EndGlobalSection
	GlobalSection(SolutionProperties) = preSolution
		HideSolutionNode = FALSE
	EndGlobalSection
	GlobalSection(ExtensibilityGlobals) = postSolution
		SolutionGuid = {5A301817-1ACA-4C51-88C0-507733A91D35}
	EndGlobalSection
EndGlobal
